
Microsoft Visual Studio Solution File, Format Version 12.00
# Visual Studio Version 16
VisualStudioVersion = 16.0.30011.22
MinimumVisualStudioVersion = 10.0.40219.1
Project("{FAE04EC0-301F-11D3-BF4B-00C04F79EFBC}") = "Lab1", "Lab1\Lab1.csproj", "{2D439448-69B0-47EC-8E3C-2675E0C1FF6A}"
EndProject
Project("{FAE04EC0-301F-11D3-BF4B-00C04F79EFBC}") = "Lab2", "Lab2\Lab2.csproj", "{FE89B81C-BC90-4233-ACE1-5805BBA03FDD}"
EndProject
Project("{FAE04EC0-301F-11D3-BF4B-00C04F79EFBC}") = "Lab3", "Lab3\Lab3.csproj", "{E5801E03-38D9-4405-9F1E-761F5029A690}"
EndProject
Project("{FAE04EC0-301F-11D3-BF4B-00C04F79EFBC}") = "Lab4", "Lab4\Lab4.csproj", "{27CDF815-E5F7-418C-9AA1-99E260759BBD}"
EndProject
Project("{FAE04EC0-301F-11D3-BF4B-00C04F79EFBC}") = "Lab5", "Lab5\Lab5.csproj", "{2270365A-46C4-4D45-B64B-89480F039DFA}"
EndProject
Global
	GlobalSection(SolutionConfigurationPlatforms) = preSolution
		Debug|Any CPU = Debug|Any CPU
		Release|Any CPU = Release|Any CPU
	EndGlobalSection
	GlobalSection(ProjectConfigurationPlatforms) = postSolution
		{2D439448-69B0-47EC-8E3C-2675E0C1FF6A}.Debug|Any CPU.ActiveCfg = Debug|Any CPU
		{2D439448-69B0-47EC-8E3C-2675E0C1FF6A}.Debug|Any CPU.Build.0 = Debug|Any CPU
		{2D439448-69B0-47EC-8E3C-2675E0C1FF6A}.Release|Any CPU.ActiveCfg = Release|Any CPU
		{2D439448-69B0-47EC-8E3C-2675E0C1FF6A}.Release|Any CPU.Build.0 = Release|Any CPU
		{FE89B81C-BC90-4233-ACE1-5805BBA03FDD}.Debug|Any CPU.ActiveCfg = Debug|Any CPU
		{FE89B81C-BC90-4233-ACE1-5805BBA03FDD}.Debug|Any CPU.Build.0 = Debug|Any CPU
		{FE89B81C-BC90-4233-ACE1-5805BBA03FDD}.Release|Any CPU.ActiveCfg = Release|Any CPU
		{FE89B81C-BC90-4233-ACE1-5805BBA03FDD}.Release|Any CPU.Build.0 = Release|Any CPU
		{E5801E03-38D9-4405-9F1E-761F5029A690}.Debug|Any CPU.ActiveCfg = Debug|Any CPU
		{E5801E03-38D9-4405-9F1E-761F5029A690}.Debug|Any CPU.Build.0 = Debug|Any CPU
		{E5801E03-38D9-4405-9F1E-761F5029A690}.Release|Any CPU.ActiveCfg = Release|Any CPU
		{E5801E03-38D9-4405-9F1E-761F5029A690}.Release|Any CPU.Build.0 = Release|Any CPU
		{27CDF815-E5F7-418C-9AA1-99E260759BBD}.Debug|Any CPU.ActiveCfg = Debug|Any CPU
		{27CDF815-E5F7-418C-9AA1-99E260759BBD}.Debug|Any CPU.Build.0 = Debug|Any CPU
		{27CDF815-E5F7-418C-9AA1-99E260759BBD}.Release|Any CPU.ActiveCfg = Release|Any CPU
		{27CDF815-E5F7-418C-9AA1-99E260759BBD}.Release|Any CPU.Build.0 = Release|Any CPU
		{2270365A-46C4-4D45-B64B-89480F039DFA}.Debug|Any CPU.ActiveCfg = Debug|Any CPU
		{2270365A-46C4-4D45-B64B-89480F039DFA}.Debug|Any CPU.Build.0 = Debug|Any CPU
		{2270365A-46C4-4D45-B64B-89480F039DFA}.Release|Any CPU.ActiveCfg = Release|Any CPU
		{2270365A-46C4-4D45-B64B-89480F039DFA}.Release|Any CPU.Build.0 = Release|Any CPU
	EndGlobalSection
	GlobalSection(SolutionProperties) = preSolution
		HideSolutionNode = FALSE
	EndGlobalSection
	GlobalSection(ExtensibilityGlobals) = postSolution
		SolutionGuid = {4DC4CC83-7FF1-4C93-B20A-7783C8ABB052}
	EndGlobalSection
EndGlobal
